{
    "name": "@lume/compiler",
    "version": "0.8.0",
    "lockfileVersion": 3,
    "requires": true,
    "packages": {
        "": {
            "name": "@lume/compiler",
            "version": "0.8.0",
            "license": "MIT",
            "bin": {
                "lume": "bin/lume.js"
            },
            "engines": {
                "node": ">=18.0.0"
            }
        }
    }
}
